
Microsoft Visual Studio Solution File, Format Version 12.00
# Visual Studio 2013
VisualStudioVersion = 12.0.21005.1
MinimumVisualStudioVersion = 10.0.40219.1
Project("{FAE04EC0-301F-11D3-BF4B-00C04F79EFBC}") = "ProyectoFinal", "ProyectoFinal\ProyectoFinal.csproj", "{424012DE-A075-4E1F-AB19-FE236C967F94}"
EndProject
Project("{2150E333-8FDC-42A3-9474-1A3956D46DE8}") = "Capas", "Capas", "{4957FA4F-D550-4B7A-88F4-044A5CBB612A}"
EndProject
Project("{2150E333-8FDC-42A3-9474-1A3956D46DE8}") = "1.1 Presentación", "1.1 Presentación", "{757FC170-CEA7-4892-B773-D575838BA3B4}"
EndProject
Project("{2150E333-8FDC-42A3-9474-1A3956D46DE8}") = "Web", "Web", "{9C457D20-2198-43D5-AE97-B1B2BE2D96F8}"
EndProject
Project("{2150E333-8FDC-42A3-9474-1A3956D46DE8}") = "ASP.NET", "ASP.NET", "{5840569A-978C-4B93-9CE2-91E735A4E044}"
EndProject
Project("{2150E333-8FDC-42A3-9474-1A3956D46DE8}") = "1.2 Servicios", "1.2 Servicios", "{2F04286C-337F-4C9F-9D46-EFD3142CD409}"
EndProject
Project("{2150E333-8FDC-42A3-9474-1A3956D46DE8}") = "1.3 Dominio", "1.3 Dominio", "{B0F0176B-5688-41F7-8191-BC2550C2D321}"
EndProject
Project("{2150E333-8FDC-42A3-9474-1A3956D46DE8}") = "Core", "Core", "{F6C77ED5-1E86-4F3A-A9E5-107EBD20C270}"
EndProject
Project("{2150E333-8FDC-42A3-9474-1A3956D46DE8}") = "Main Module", "Main Module", "{F4660E1B-4497-436A-8B7B-DE290F36724C}"
EndProject
Project("{2150E333-8FDC-42A3-9474-1A3956D46DE8}") = "1.4 Infraestructura", "1.4 Infraestructura", "{D500074F-0E4C-439B-B54F-63FC0279EB50}"
EndProject
Project("{FAE04EC0-301F-11D3-BF4B-00C04F79EFBC}") = "Dominio.Core.Entities", "Dominio.Core.Entities\Dominio.Core.Entities.csproj", "{C1659497-084F-4DE7-A28A-C87D2377A737}"
EndProject
Project("{FAE04EC0-301F-11D3-BF4B-00C04F79EFBC}") = "Dominio.Main.Module", "Dominio.Main.Module\Dominio.Main.Module.csproj", "{D0984E56-2B48-4AA1-86A7-B1DBFEDEC3D9}"
EndProject
Project("{FAE04EC0-301F-11D3-BF4B-00C04F79EFBC}") = "Infraestructura.Data.SQLServer", "Infraestructura.Data.SQLServer\Infraestructura.Data.SQLServer.csproj", "{AC4BF50D-3D5B-42CC-892D-20A109C0BA55}"
EndProject
Global
	GlobalSection(SolutionConfigurationPlatforms) = preSolution
		Debug|Any CPU = Debug|Any CPU
		Release|Any CPU = Release|Any CPU
	EndGlobalSection
	GlobalSection(ProjectConfigurationPlatforms) = postSolution
		{424012DE-A075-4E1F-AB19-FE236C967F94}.Debug|Any CPU.ActiveCfg = Debug|Any CPU
		{424012DE-A075-4E1F-AB19-FE236C967F94}.Debug|Any CPU.Build.0 = Debug|Any CPU
		{424012DE-A075-4E1F-AB19-FE236C967F94}.Release|Any CPU.ActiveCfg = Release|Any CPU
		{424012DE-A075-4E1F-AB19-FE236C967F94}.Release|Any CPU.Build.0 = Release|Any CPU
		{C1659497-084F-4DE7-A28A-C87D2377A737}.Debug|Any CPU.ActiveCfg = Debug|Any CPU
		{C1659497-084F-4DE7-A28A-C87D2377A737}.Debug|Any CPU.Build.0 = Debug|Any CPU
		{C1659497-084F-4DE7-A28A-C87D2377A737}.Release|Any CPU.ActiveCfg = Release|Any CPU
		{C1659497-084F-4DE7-A28A-C87D2377A737}.Release|Any CPU.Build.0 = Release|Any CPU
		{D0984E56-2B48-4AA1-86A7-B1DBFEDEC3D9}.Debug|Any CPU.ActiveCfg = Debug|Any CPU
		{D0984E56-2B48-4AA1-86A7-B1DBFEDEC3D9}.Debug|Any CPU.Build.0 = Debug|Any CPU
		{D0984E56-2B48-4AA1-86A7-B1DBFEDEC3D9}.Release|Any CPU.ActiveCfg = Release|Any CPU
		{D0984E56-2B48-4AA1-86A7-B1DBFEDEC3D9}.Release|Any CPU.Build.0 = Release|Any CPU
		{AC4BF50D-3D5B-42CC-892D-20A109C0BA55}.Debug|Any CPU.ActiveCfg = Debug|Any CPU
		{AC4BF50D-3D5B-42CC-892D-20A109C0BA55}.Debug|Any CPU.Build.0 = Debug|Any CPU
		{AC4BF50D-3D5B-42CC-892D-20A109C0BA55}.Release|Any CPU.ActiveCfg = Release|Any CPU
		{AC4BF50D-3D5B-42CC-892D-20A109C0BA55}.Release|Any CPU.Build.0 = Release|Any CPU
	EndGlobalSection
	GlobalSection(SolutionProperties) = preSolution
		HideSolutionNode = FALSE
	EndGlobalSection
	GlobalSection(NestedProjects) = preSolution
		{757FC170-CEA7-4892-B773-D575838BA3B4} = {4957FA4F-D550-4B7A-88F4-044A5CBB612A}
		{2F04286C-337F-4C9F-9D46-EFD3142CD409} = {4957FA4F-D550-4B7A-88F4-044A5CBB612A}
		{B0F0176B-5688-41F7-8191-BC2550C2D321} = {4957FA4F-D550-4B7A-88F4-044A5CBB612A}
		{D500074F-0E4C-439B-B54F-63FC0279EB50} = {4957FA4F-D550-4B7A-88F4-044A5CBB612A}
		{9C457D20-2198-43D5-AE97-B1B2BE2D96F8} = {757FC170-CEA7-4892-B773-D575838BA3B4}
		{5840569A-978C-4B93-9CE2-91E735A4E044} = {9C457D20-2198-43D5-AE97-B1B2BE2D96F8}
		{424012DE-A075-4E1F-AB19-FE236C967F94} = {5840569A-978C-4B93-9CE2-91E735A4E044}
		{F6C77ED5-1E86-4F3A-A9E5-107EBD20C270} = {B0F0176B-5688-41F7-8191-BC2550C2D321}
		{F4660E1B-4497-436A-8B7B-DE290F36724C} = {B0F0176B-5688-41F7-8191-BC2550C2D321}
		{C1659497-084F-4DE7-A28A-C87D2377A737} = {F6C77ED5-1E86-4F3A-A9E5-107EBD20C270}
		{D0984E56-2B48-4AA1-86A7-B1DBFEDEC3D9} = {F4660E1B-4497-436A-8B7B-DE290F36724C}
		{AC4BF50D-3D5B-42CC-892D-20A109C0BA55} = {D500074F-0E4C-439B-B54F-63FC0279EB50}
	EndGlobalSection
EndGlobal
